
Microsoft Visual Studio Solution File, Format Version 12.00
# Visual Studio Version 16
VisualStudioVersion = 16.0.29613.14
MinimumVisualStudioVersion = 10.0.40219.1
Project("{FAE04EC0-301F-11D3-BF4B-00C04F79EFBC}") = "imsapi", "imsapi.csproj", "{E214B734-8E92-44A8-A8C0-2FB02949ADD4}"
EndProject
Global
	GlobalSection(SolutionConfigurationPlatforms) = preSolution
		Debug|Any CPU = Debug|Any CPU
		Release|Any CPU = Release|Any CPU
	EndGlobalSection
	GlobalSection(ProjectConfigurationPlatforms) = postSolution
		{E214B734-8E92-44A8-A8C0-2FB02949ADD4}.Debug|Any CPU.ActiveCfg = Debug|Any CPU
		{E214B734-8E92-44A8-A8C0-2FB02949ADD4}.Debug|Any CPU.Build.0 = Debug|Any CPU
		{E214B734-8E92-44A8-A8C0-2FB02949ADD4}.Release|Any CPU.ActiveCfg = Release|Any CPU
		{E214B734-8E92-44A8-A8C0-2FB02949ADD4}.Release|Any CPU.Build.0 = Release|Any CPU
	EndGlobalSection
	GlobalSection(SolutionProperties) = preSolution
		HideSolutionNode = FALSE
	EndGlobalSection
	GlobalSection(ExtensibilityGlobals) = postSolution
		SolutionGuid = {7B802E41-4164-4487-943A-6EC931913F87}
	EndGlobalSection
EndGlobal
